
Microsoft Visual Studio Solution File, Format Version 12.00
# Visual Studio Version 17
VisualStudioVersion = 17.2.32526.322
MinimumVisualStudioVersion = 10.0.40219.1
Project("{FAE04EC0-301F-11D3-BF4B-00C04F79EFBC}") = "PM_GasWaterFication", "PM_GasWaterFication\PM_GasWaterFication.csproj", "{05B61480-A75D-4C9D-9F62-B4F402832717}"
EndProject
Global
	GlobalSection(SolutionConfigurationPlatforms) = preSolution
		Debug|Any CPU = Debug|Any CPU
		Release|Any CPU = Release|Any CPU
	EndGlobalSection
	GlobalSection(ProjectConfigurationPlatforms) = postSolution
		{05B61480-A75D-4C9D-9F62-B4F402832717}.Debug|Any CPU.ActiveCfg = Debug|Any CPU
		{05B61480-A75D-4C9D-9F62-B4F402832717}.Debug|Any CPU.Build.0 = Debug|Any CPU
		{05B61480-A75D-4C9D-9F62-B4F402832717}.Release|Any CPU.ActiveCfg = Release|Any CPU
		{05B61480-A75D-4C9D-9F62-B4F402832717}.Release|Any CPU.Build.0 = Release|Any CPU
	EndGlobalSection
	GlobalSection(SolutionProperties) = preSolution
		HideSolutionNode = FALSE
	EndGlobalSection
	GlobalSection(ExtensibilityGlobals) = postSolution
		SolutionGuid = {E2CE2D37-D9A6-4F28-9213-0553CCF8E4DD}
	EndGlobalSection
EndGlobal
